
Microsoft Visual Studio Solution File, Format Version 12.00
# Visual Studio Version 16
VisualStudioVersion = 16.0.31105.61
MinimumVisualStudioVersion = 10.0.40219.1
Project("{FAE04EC0-301F-11D3-BF4B-00C04F79EFBC}") = "OrdersApp", "OrdersApp\OrdersApp.csproj", "{7CF7CA6C-2F16-4D97-8DBF-905C1CB111CE}"
EndProject
Global
	GlobalSection(SolutionConfigurationPlatforms) = preSolution
		Debug|Any CPU = Debug|Any CPU
		Release|Any CPU = Release|Any CPU
	EndGlobalSection
	GlobalSection(ProjectConfigurationPlatforms) = postSolution
		{7CF7CA6C-2F16-4D97-8DBF-905C1CB111CE}.Debug|Any CPU.ActiveCfg = Debug|Any CPU
		{7CF7CA6C-2F16-4D97-8DBF-905C1CB111CE}.Debug|Any CPU.Build.0 = Debug|Any CPU
		{7CF7CA6C-2F16-4D97-8DBF-905C1CB111CE}.Release|Any CPU.ActiveCfg = Release|Any CPU
		{7CF7CA6C-2F16-4D97-8DBF-905C1CB111CE}.Release|Any CPU.Build.0 = Release|Any CPU
	EndGlobalSection
	GlobalSection(SolutionProperties) = preSolution
		HideSolutionNode = FALSE
	EndGlobalSection
	GlobalSection(ExtensibilityGlobals) = postSolution
		SolutionGuid = {CCC224C2-A037-4025-9381-FEC86B630167}
	EndGlobalSection
EndGlobal
